// !$*UTF8*$!
{
	archiveVersion = 1;
	classes = {
	};
	objectVersion = 46;
	objects = {

/* Begin PBXBuildFile section */
		0539F4281EA4A4FE0062B9DE /* Main.storyboard in Resources */ = {isa = PBXBuildFile; fileRef = 0539F4261EA4A4FE0062B9DE /* Main.storyboard */; };
		05F2243B1EA48F9200317959 /* SignInViewController.swift in Sources */ = {isa = PBXBuildFile; fileRef = 05F2243A1EA48F9200317959 /* SignInViewController.swift */; };
		05F2243D1EA492D500317959 /* RegistrationViewController.swift in Sources */ = {isa = PBXBuildFile; fileRef = 05F2243C1EA492D500317959 /* RegistrationViewController.swift */; };
		05F2243F1EA4943500317959 /* User.swift in Sources */ = {isa = PBXBuildFile; fileRef = 05F2243E1EA4943500317959 /* User.swift */; };
		05F224431EA4953C00317959 /* AccountType.swift in Sources */ = {isa = PBXBuildFile; fileRef = 05F224421EA4953C00317959 /* AccountType.swift */; };
		05F224451EA497D100317959 /* Model.swift in Sources */ = {isa = PBXBuildFile; fileRef = 05F224441EA497D100317959 /* Model.swift */; };
		05F224471EA49DB800317959 /* LoggedInViewController.swift in Sources */ = {isa = PBXBuildFile; fileRef = 05F224461EA49DB800317959 /* LoggedInViewController.swift */; };
		05FFA0A51EA488C000192B35 /* AppDelegate.swift in Sources */ = {isa = PBXBuildFile; fileRef = 05FFA0A41EA488C000192B35 /* AppDelegate.swift */; };
		05FFA0A71EA488C000192B35 /* ViewController.swift in Sources */ = {isa = PBXBuildFile; fileRef = 05FFA0A61EA488C000192B35 /* ViewController.swift */; };
		05FFA0AC1EA488C100192B35 /* Assets.xcassets in Resources */ = {isa = PBXBuildFile; fileRef = 05FFA0AB1EA488C100192B35 /* Assets.xcassets */; };
		05FFA0AF1EA488C100192B35 /* LaunchScreen.storyboard in Resources */ = {isa = PBXBuildFile; fileRef = 05FFA0AD1EA488C100192B35 /* LaunchScreen.storyboard */; };
		05FFA0BA1EA488C100192B35 /* DropTests.swift in Sources */ = {isa = PBXBuildFile; fileRef = 05FFA0B91EA488C100192B35 /* DropTests.swift */; };
		05FFA0C51EA488C100192B35 /* DropUITests.swift in Sources */ = {isa = PBXBuildFile; fileRef = 05FFA0C41EA488C100192B35 /* DropUITests.swift */; };
/* End PBXBuildFile section */

/* Begin PBXContainerItemProxy section */
		05FFA0B61EA488C100192B35 /* PBXContainerItemProxy */ = {
			isa = PBXContainerItemProxy;
			containerPortal = 05FFA0991EA488C000192B35 /* Project object */;
			proxyType = 1;
			remoteGlobalIDString = 05FFA0A01EA488C000192B35;
			remoteInfo = Drop;
		};
		05FFA0C11EA488C100192B35 /* PBXContainerItemProxy */ = {
			isa = PBXContainerItemProxy;
			containerPortal = 05FFA0991EA488C000192B35 /* Project object */;
			proxyType = 1;
			remoteGlobalIDString = 05FFA0A01EA488C000192B35;
			remoteInfo = Drop;
		};
/* End PBXContainerItemProxy section */

/* Begin PBXFileReference section */
		0539F4271EA4A4FE0062B9DE /* Base */ = {isa = PBXFileReference; lastKnownFileType = file.storyboard; name = Base; path = Base.lproj/Main.storyboard; sourceTree = "<group>"; };
		05F2243A1EA48F9200317959 /* SignInViewController.swift */ = {isa = PBXFileReference; fileEncoding = 4; lastKnownFileType = sourcecode.swift; path = SignInViewController.swift; sourceTree = "<group>"; };
		05F2243C1EA492D500317959 /* RegistrationViewController.swift */ = {isa = PBXFileReference; fileEncoding = 4; lastKnownFileType = sourcecode.swift; path = RegistrationViewController.swift; sourceTree = "<group>"; };
		05F2243E1EA4943500317959 /* User.swift */ = {isa = PBXFileReference; fileEncoding = 4; lastKnownFileType = sourcecode.swift; path = User.swift; sourceTree = "<group>"; };
		05F224421EA4953C00317959 /* AccountType.swift */ = {isa = PBXFileReference; fileEncoding = 4; lastKnownFileType = sourcecode.swift; name = AccountType.swift; path = ../AccountType.swift; sourceTree = "<group>"; };
		05F224441EA497D100317959 /* Model.swift */ = {isa = PBXFileReference; fileEncoding = 4; lastKnownFileType = sourcecode.swift; path = Model.swift; sourceTree = "<group>"; };
		05F224461EA49DB800317959 /* LoggedInViewController.swift */ = {isa = PBXFileReference; fileEncoding = 4; lastKnownFileType = sourcecode.swift; path = LoggedInViewController.swift; sourceTree = "<group>"; };
		05FFA0A11EA488C000192B35 /* Drop.app */ = {isa = PBXFileReference; explicitFileType = wrapper.application; includeInIndex = 0; path = Drop.app; sourceTree = BUILT_PRODUCTS_DIR; };
		05FFA0A41EA488C000192B35 /* AppDelegate.swift */ = {isa = PBXFileReference; lastKnownFileType = sourcecode.swift; path = AppDelegate.swift; sourceTree = "<group>"; };
		05FFA0A61EA488C000192B35 /* ViewController.swift */ = {isa = PBXFileReference; lastKnownFileType = sourcecode.swift; path = ViewController.swift; sourceTree = "<group>"; };
		05FFA0AB1EA488C100192B35 /* Assets.xcassets */ = {isa = PBXFileReference; lastKnownFileType = folder.assetcatalog; path = Assets.xcassets; sourceTree = "<group>"; };
		05FFA0AE1EA488C100192B35 /* Base */ = {isa = PBXFileReference; lastKnownFileType = file.storyboard; name = Base; path = Base.lproj/LaunchScreen.storyboard; sourceTree = "<group>"; };
		05FFA0B01EA488C100192B35 /* Info.plist */ = {isa = PBXFileReference; lastKnownFileType = text.plist.xml; path = Info.plist; sourceTree = "<group>"; };
		05FFA0B51EA488C100192B35 /* DropTests.xctest */ = {isa = PBXFileReference; explicitFileType = wrapper.cfbundle; includeInIndex = 0; path = DropTests.xctest; sourceTree = BUILT_PRODUCTS_DIR; };
		05FFA0B91EA488C100192B35 /* DropTests.swift */ = {isa = PBXFileReference; lastKnownFileType = sourcecode.swift; path = DropTests.swift; sourceTree = "<group>"; };
		05FFA0BB1EA488C100192B35 /* Info.plist */ = {isa = PBXFileReference; lastKnownFileType = text.plist.xml; path = Info.plist; sourceTree = "<group>"; };
		05FFA0C01EA488C100192B35 /* DropUITests.xctest */ = {isa = PBXFileReference; explicitFileType = wrapper.cfbundle; includeInIndex = 0; path = DropUITests.xctest; sourceTree = BUILT_PRODUCTS_DIR; };
		05FFA0C41EA488C100192B35 /* DropUITests.swift */ = {isa = PBXFileReference; lastKnownFileType = sourcecode.swift; path = DropUITests.swift; sourceTree = "<group>"; };
		05FFA0C61EA488C100192B35 /* Info.plist */ = {isa = PBXFileReference; lastKnownFileType = text.plist.xml; path = Info.plist; sourceTree = "<group>"; };
/* End PBXFileReference section */

/* Begin PBXFrameworksBuildPhase section */
		05FFA09E1EA488C000192B35 /* Frameworks */ = {
			isa = PBXFrameworksBuildPhase;
			buildActionMask = 2147483647;
			files = (
			);
			runOnlyForDeploymentPostprocessing = 0;
		};
		05FFA0B21EA488C100192B35 /* Frameworks */ = {
			isa = PBXFrameworksBuildPhase;
			buildActionMask = 2147483647;
			files = (
			);
			runOnlyForDeploymentPostprocessing = 0;
		};
		05FFA0BD1EA488C100192B35 /* Frameworks */ = {
			isa = PBXFrameworksBuildPhase;
			buildActionMask = 2147483647;
			files = (
			);
			runOnlyForDeploymentPostprocessing = 0;
		};
/* End PBXFrameworksBuildPhase section */

/* Begin PBXGroup section */
		05FFA0981EA488C000192B35 = {
			isa = PBXGroup;
			children = (
				05FFA0A31EA488C000192B35 /* Drop */,
				05FFA0B81EA488C100192B35 /* DropTests */,
				05FFA0C31EA488C100192B35 /* DropUITests */,
				05FFA0A21EA488C000192B35 /* Products */,
			);
			sourceTree = "<group>";
		};
		05FFA0A21EA488C000192B35 /* Products */ = {
			isa = PBXGroup;
			children = (
				05FFA0A11EA488C000192B35 /* Drop.app */,
				05FFA0B51EA488C100192B35 /* DropTests.xctest */,
				05FFA0C01EA488C100192B35 /* DropUITests.xctest */,
			);
			name = Products;
			sourceTree = "<group>";
		};
		05FFA0A31EA488C000192B35 /* Drop */ = {
			isa = PBXGroup;
			children = (
				05F224421EA4953C00317959 /* AccountType.swift */,
				05FFA0A41EA488C000192B35 /* AppDelegate.swift */,
				05F2243E1EA4943500317959 /* User.swift */,
				05F2243C1EA492D500317959 /* RegistrationViewController.swift */,
				05F224461EA49DB800317959 /* LoggedInViewController.swift */,
				05F224441EA497D100317959 /* Model.swift */,
				05FFA0A61EA488C000192B35 /* ViewController.swift */,
				0539F4261EA4A4FE0062B9DE /* Main.storyboard */,
				05F2243A1EA48F9200317959 /* SignInViewController.swift */,
				05FFA0AB1EA488C100192B35 /* Assets.xcassets */,
				05FFA0AD1EA488C100192B35 /* LaunchScreen.storyboard */,
				05FFA0B01EA488C100192B35 /* Info.plist */,
			);
			path = Drop;
			sourceTree = "<group>";
		};
		05FFA0B81EA488C100192B35 /* DropTests */ = {
			isa = PBXGroup;
			children = (
				05FFA0B91EA488C100192B35 /* DropTests.swift */,
				05FFA0BB1EA488C100192B35 /* Info.plist */,
			);
			path = DropTests;
			sourceTree = "<group>";
		};
		05FFA0C31EA488C100192B35 /* DropUITests */ = {
			isa = PBXGroup;
			children = (
				05FFA0C41EA488C100192B35 /* DropUITests.swift */,
				05FFA0C61EA488C100192B35 /* Info.plist */,
			);
			path = DropUITests;
			sourceTree = "<group>";
		};
/* End PBXGroup section */

/* Begin PBXNativeTarget section */
		05FFA0A01EA488C000192B35 /* Drop */ = {
			isa = PBXNativeTarget;
			buildConfigurationList = 05FFA0C91EA488C100192B35 /* Build configuration list for PBXNativeTarget "Drop" */;
			buildPhases = (
				05FFA09D1EA488C000192B35 /* Sources */,
				05FFA09E1EA488C000192B35 /* Frameworks */,
				05FFA09F1EA488C000192B35 /* Resources */,
			);
			buildRules = (
			);
			dependencies = (
			);
			name = Drop;
			productName = Drop;
			productReference = 05FFA0A11EA488C000192B35 /* Drop.app */;
			productType = "com.apple.product-type.application";
		};
		05FFA0B41EA488C100192B35 /* DropTests */ = {
			isa = PBXNativeTarget;
			buildConfigurationList = 05FFA0CC1EA488C100192B35 /* Build configuration list for PBXNativeTarget "DropTests" */;
			buildPhases = (
				05FFA0B11EA488C100192B35 /* Sources */,
				05FFA0B21EA488C100192B35 /* Frameworks */,
				05FFA0B31EA488C100192B35 /* Resources */,
			);
			buildRules = (
			);
			dependencies = (
				05FFA0B71EA488C100192B35 /* PBXTargetDependency */,
			);
			name = DropTests;
			productName = DropTests;
			productReference = 05FFA0B51EA488C100192B35 /* DropTests.xctest */;
			productType = "com.apple.product-type.bundle.unit-test";
		};
		05FFA0BF1EA488C100192B35 /* DropUITests */ = {
			isa = PBXNativeTarget;
			buildConfigurationList = 05FFA0CF1EA488C100192B35 /* Build configuration list for PBXNativeTarget "DropUITests" */;
			buildPhases = (
				05FFA0BC1EA488C100192B35 /* Sources */,
				05FFA0BD1EA488C100192B35 /* Frameworks */,
				05FFA0BE1EA488C100192B35 /* Resources */,
			);
			buildRules = (
			);
			dependencies = (
				05FFA0C21EA488C100192B35 /* PBXTargetDependency */,
			);
			name = DropUITests;
			productName = DropUITests;
			productReference = 05FFA0C01EA488C100192B35 /* DropUITests.xctest */;
			productType = "com.apple.product-type.bundle.ui-testing";
		};
/* End PBXNativeTarget section */

/* Begin PBXProject section */
		05FFA0991EA488C000192B35 /* Project object */ = {
			isa = PBXProject;
			attributes = {
				LastSwiftUpdateCheck = 0820;
				LastUpgradeCheck = 0820;
				TargetAttributes = {
					05FFA0A01EA488C000192B35 = {
						CreatedOnToolsVersion = 8.2.1;
						ProvisioningStyle = Automatic;
					};
					05FFA0B41EA488C100192B35 = {
						CreatedOnToolsVersion = 8.2.1;
						ProvisioningStyle = Automatic;
						TestTargetID = 05FFA0A01EA488C000192B35;
					};
					05FFA0BF1EA488C100192B35 = {
						CreatedOnToolsVersion = 8.2.1;
						ProvisioningStyle = Automatic;
						TestTargetID = 05FFA0A01EA488C000192B35;
					};
				};
			};
			buildConfigurationList = 05FFA09C1EA488C000192B35 /* Build configuration list for PBXProject "Drop" */;
			compatibilityVersion = "Xcode 3.2";
			developmentRegion = English;
			hasScannedForEncodings = 0;
			knownRegions = (
				en,
				Base,
			);
			mainGroup = 05FFA0981EA488C000192B35;
			productRefGroup = 05FFA0A21EA488C000192B35 /* Products */;
			projectDirPath = "";
			projectRoot = "";
			targets = (
				05FFA0A01EA488C000192B35 /* Drop */,
				05FFA0B41EA488C100192B35 /* DropTests */,
				05FFA0BF1EA488C100192B35 /* DropUITests */,
			);
		};
/* End PBXProject section */

/* Begin PBXResourcesBuildPhase section */
		05FFA09F1EA488C000192B35 /* Resources */ = {
			isa = PBXResourcesBuildPhase;
			buildActionMask = 2147483647;
			files = (
				0539F4281EA4A4FE0062B9DE /* Main.storyboard in Resources */,
				05FFA0AF1EA488C100192B35 /* LaunchScreen.storyboard in Resources */,
				05FFA0AC1EA488C100192B35 /* Assets.xcassets in Resources */,
			);
			runOnlyForDeploymentPostprocessing = 0;
		};
		05FFA0B31EA488C100192B35 /* Resources */ = {
			isa = PBXResourcesBuildPhase;
			buildActionMask = 2147483647;
			files = (
			);
			runOnlyForDeploymentPostprocessing = 0;
		};
		05FFA0BE1EA488C100192B35 /* Resources */ = {
			isa = PBXResourcesBuildPhase;
			buildActionMask = 2147483647;
			files = (
			);
			runOnlyForDeploymentPostprocessing = 0;
		};
/* End PBXResourcesBuildPhase section */

/* Begin PBXSourcesBuildPhase section */
		05FFA09D1EA488C000192B35 /* Sources */ = {
			isa = PBXSourcesBuildPhase;
			buildActionMask = 2147483647;
			files = (
				05F224451EA497D100317959 /* Model.swift in Sources */,
				05FFA0A71EA488C000192B35 /* ViewController.swift in Sources */,
				05F224431EA4953C00317959 /* AccountType.swift in Sources */,
				05FFA0A51EA488C000192B35 /* AppDelegate.swift in Sources */,
				05F2243D1EA492D500317959 /* RegistrationViewController.swift in Sources */,
				05F2243F1EA4943500317959 /* User.swift in Sources */,
				05F2243B1EA48F9200317959 /* SignInViewController.swift in Sources */,
				05F224471EA49DB800317959 /* LoggedInViewController.swift in Sources */,
			);
			runOnlyForDeploymentPostprocessing = 0;
		};
		05FFA0B11EA488C100192B35 /* Sources */ = {
			isa = PBXSourcesBuildPhase;
			buildActionMask = 2147483647;
			files = (
				05FFA0BA1EA488C100192B35 /* DropTests.swift in Sources */,
			);
			runOnlyForDeploymentPostprocessing = 0;
		};
		05FFA0BC1EA488C100192B35 /* Sources */ = {
			isa = PBXSourcesBuildPhase;
			buildActionMask = 2147483647;
			files = (
				05FFA0C51EA488C100192B35 /* DropUITests.swift in Sources */,
			);
			runOnlyForDeploymentPostprocessing = 0;
		};
/* End PBXSourcesBuildPhase section */

/* Begin PBXTargetDependency section */
		05FFA0B71EA488C100192B35 /* PBXTargetDependency */ = {
			isa = PBXTargetDependency;
			target = 05FFA0A01EA488C000192B35 /* Drop */;
			targetProxy = 05FFA0B61EA488C100192B35 /* PBXContainerItemProxy */;
		};
		05FFA0C21EA488C100192B35 /* PBXTargetDependency */ = {
			isa = PBXTargetDependency;
			target = 05FFA0A01EA488C000192B35 /* Drop */;
			targetProxy = 05FFA0C11EA488C100192B35 /* PBXContainerItemProxy */;
		};
/* End PBXTargetDependency section */

/* Begin PBXVariantGroup section */
		0539F4261EA4A4FE0062B9DE /* Main.storyboard */ = {
			isa = PBXVariantGroup;
			children = (
				0539F4271EA4A4FE0062B9DE /* Base */,
			);
			name = Main.storyboard;
			sourceTree = "<group>";
		};
		05FFA0AD1EA488C100192B35 /* LaunchScreen.storyboard */ = {
			isa = PBXVariantGroup;
			children = (
				05FFA0AE1EA488C100192B35 /* Base */,
			);
			name = LaunchScreen.storyboard;
			sourceTree = "<group>";
		};
/* End PBXVariantGroup section */

/* Begin XCBuildConfiguration section */
		05FFA0C71EA488C100192B35 /* Debug */ = {
			isa = XCBuildConfiguration;
			buildSettings = {
				ALWAYS_SEARCH_USER_PATHS = NO;
				CLANG_ANALYZER_NONNULL = YES;
				CLANG_CXX_LANGUAGE_STANDARD = "gnu++0x";
				CLANG_CXX_LIBRARY = "libc++";
				CLANG_ENABLE_MODULES = YES;
				CLANG_ENABLE_OBJC_ARC = YES;
				CLANG_WARN_BOOL_CONVERSION = YES;
				CLANG_WARN_CONSTANT_CONVERSION = YES;
				CLANG_WARN_DIRECT_OBJC_ISA_USAGE = YES_ERROR;
				CLANG_WARN_DOCUMENTATION_COMMENTS = YES;
				CLANG_WARN_EMPTY_BODY = YES;
				CLANG_WARN_ENUM_CONVERSION = YES;
				CLANG_WARN_INFINITE_RECURSION = YES;
				CLANG_WARN_INT_CONVERSION = YES;
				CLANG_WARN_OBJC_ROOT_CLASS = YES_ERROR;
				CLANG_WARN_SUSPICIOUS_MOVE = YES;
				CLANG_WARN_UNREACHABLE_CODE = YES;
				CLANG_WARN__DUPLICATE_METHOD_MATCH = YES;
				"CODE_SIGN_IDENTITY[sdk=iphoneos*]" = "iPhone Developer";
				COPY_PHASE_STRIP = NO;
				DEBUG_INFORMATION_FORMAT = dwarf;
				ENABLE_STRICT_OBJC_MSGSEND = YES;
				ENABLE_TESTABILITY = YES;
				GCC_C_LANGUAGE_STANDARD = gnu99;
				GCC_DYNAMIC_NO_PIC = NO;
				GCC_NO_COMMON_BLOCKS = YES;
				GCC_OPTIMIZATION_LEVEL = 0;
				GCC_PREPROCESSOR_DEFINITIONS = (
					"DEBUG=1",
					"$(inherited)",
				);
				GCC_WARN_64_TO_32_BIT_CONVERSION = YES;
				GCC_WARN_ABOUT_RETURN_TYPE = YES_ERROR;
				GCC_WARN_UNDECLARED_SELECTOR = YES;
				GCC_WARN_UNINITIALIZED_AUTOS = YES_AGGRESSIVE;
				GCC_WARN_UNUSED_FUNCTION = YES;
				GCC_WARN_UNUSED_VARIABLE = YES;
				IPHONEOS_DEPLOYMENT_TARGET = 10.2;
				MTL_ENABLE_DEBUG_INFO = YES;
				ONLY_ACTIVE_ARCH = YES;
				SDKROOT = iphoneos;
				SWIFT_ACTIVE_COMPILATION_CONDITIONS = DEBUG;
				SWIFT_OPTIMIZATION_LEVEL = "-Onone";
				TARGETED_DEVICE_FAMILY = "1,2";
			};
			name = Debug;
		};
		05FFA0C81EA488C100192B35 /* Release */ = {
			isa = XCBuildConfiguration;
			buildSettings = {
				ALWAYS_SEARCH_USER_PATHS = NO;
				CLANG_ANALYZER_NONNULL = YES;
				CLANG_CXX_LANGUAGE_STANDARD = "gnu++0x";
				CLANG_CXX_LIBRARY = "libc++";
				CLANG_ENABLE_MODULES = YES;
				CLANG_ENABLE_OBJC_ARC = YES;
				CLANG_WARN_BOOL_CONVERSION = YES;
				CLANG_WARN_CONSTANT_CONVERSION = YES;
				CLANG_WARN_DIRECT_OBJC_ISA_USAGE = YES_ERROR;
				CLANG_WARN_DOCUMENTATION_COMMENTS = YES;
				CLANG_WARN_EMPTY_BODY = YES;
				CLANG_WARN_ENUM_CONVERSION = YES;
				CLANG_WARN_INFINITE_RECURSION = YES;
				CLANG_WARN_INT_CONVERSION = YES;
				CLANG_WARN_OBJC_ROOT_CLASS = YES_ERROR;
				CLANG_WARN_SUSPICIOUS_MOVE = YES;
				CLANG_WARN_UNREACHABLE_CODE = YES;
				CLANG_WARN__DUPLICATE_METHOD_MATCH = YES;
				"CODE_SIGN_IDENTITY[sdk=iphoneos*]" = "iPhone Developer";
				COPY_PHASE_STRIP = NO;
				DEBUG_INFORMATION_FORMAT = "dwarf-with-dsym";
				ENABLE_NS_ASSERTIONS = NO;
				ENABLE_STRICT_OBJC_MSGSEND = YES;
				GCC_C_LANGUAGE_STANDARD = gnu99;
				GCC_NO_COMMON_BLOCKS = YES;
				GCC_WARN_64_TO_32_BIT_CONVERSION = YES;
				GCC_WARN_ABOUT_RETURN_TYPE = YES_ERROR;
				GCC_WARN_UNDECLARED_SELECTOR = YES;
				GCC_WARN_UNINITIALIZED_AUTOS = YES_AGGRESSIVE;
				GCC_WARN_UNUSED_FUNCTION = YES;
				GCC_WARN_UNUSED_VARIABLE = YES;
				IPHONEOS_DEPLOYMENT_TARGET = 10.2;
				MTL_ENABLE_DEBUG_INFO = NO;
				SDKROOT = iphoneos;
				SWIFT_OPTIMIZATION_LEVEL = "-Owholemodule";
				TARGETED_DEVICE_FAMILY = "1,2";
				VALIDATE_PRODUCT = YES;
			};
			name = Release;
		};
		05FFA0CA1EA488C100192B35 /* Debug */ = {
			isa = XCBuildConfiguration;
			buildSettings = {
				ASSETCATALOG_COMPILER_APPICON_NAME = AppIcon;
				INFOPLIST_FILE = Drop/Info.plist;
				LD_RUNPATH_SEARCH_PATHS = "$(inherited) @executable_path/Frameworks";
				PRODUCT_BUNDLE_IDENTIFIER = com.example.Drop;
				PRODUCT_NAME = "$(TARGET_NAME)";
				SWIFT_VERSION = 3.0;
			};
			name = Debug;
		};
		05FFA0CB1EA488C100192B35 /* Release */ = {
			isa = XCBuildConfiguration;
			buildSettings = {
				ASSETCATALOG_COMPILER_APPICON_NAME = AppIcon;
				INFOPLIST_FILE = Drop/Info.plist;
				LD_RUNPATH_SEARCH_PATHS = "$(inherited) @executable_path/Frameworks";
				PRODUCT_BUNDLE_IDENTIFIER = com.example.Drop;
				PRODUCT_NAME = "$(TARGET_NAME)";
				SWIFT_VERSION = 3.0;
			};
			name = Release;
		};
		05FFA0CD1EA488C100192B35 /* Debug */ = {
			isa = XCBuildConfiguration;
			buildSettings = {
				ALWAYS_EMBED_SWIFT_STANDARD_LIBRARIES = YES;
				BUNDLE_LOADER = "$(TEST_HOST)";
				INFOPLIST_FILE = DropTests/Info.plist;
				LD_RUNPATH_SEARCH_PATHS = "$(inherited) @executable_path/Frameworks @loader_path/Frameworks";
				PRODUCT_BUNDLE_IDENTIFIER = com.example.DropTests;
				PRODUCT_NAME = "$(TARGET_NAME)";
				SWIFT_VERSION = 3.0;
				TEST_HOST = "$(BUILT_PRODUCTS_DIR)/Drop.app/Drop";
			};
			name = Debug;
		};
		05FFA0CE1EA488C100192B35 /* Release */ = {
			isa = XCBuildConfiguration;
			buildSettings = {
				ALWAYS_EMBED_SWIFT_STANDARD_LIBRARIES = YES;
				BUNDLE_LOADER = "$(TEST_HOST)";
				INFOPLIST_FILE = DropTests/Info.plist;
				LD_RUNPATH_SEARCH_PATHS = "$(inherited) @executable_path/Frameworks @loader_path/Frameworks";
				PRODUCT_BUNDLE_IDENTIFIER = com.example.DropTests;
				PRODUCT_NAME = "$(TARGET_NAME)";
				SWIFT_VERSION = 3.0;
				TEST_HOST = "$(BUILT_PRODUCTS_DIR)/Drop.app/Drop";
			};
			name = Release;
		};
		05FFA0D01EA488C100192B35 /* Debug */ = {
			isa = XCBuildConfiguration;
			buildSettings = {
				ALWAYS_EMBED_SWIFT_STANDARD_LIBRARIES = YES;
				INFOPLIST_FILE = DropUITests/Info.plist;
				LD_RUNPATH_SEARCH_PATHS = "$(inherited) @executable_path/Frameworks @loader_path/Frameworks";
				PRODUCT_BUNDLE_IDENTIFIER = com.example.DropUITests;
				PRODUCT_NAME = "$(TARGET_NAME)";
				SWIFT_VERSION = 3.0;
				TEST_TARGET_NAME = Drop;
			};
			name = Debug;
		};
		05FFA0D11EA488C100192B35 /* Release */ = {
			isa = XCBuildConfiguration;
			buildSettings = {
				ALWAYS_EMBED_SWIFT_STANDARD_LIBRARIES = YES;
				INFOPLIST_FILE = DropUITests/Info.plist;
				LD_RUNPATH_SEARCH_PATHS = "$(inherited) @executable_path/Frameworks @loader_path/Frameworks";
				PRODUCT_BUNDLE_IDENTIFIER = com.example.DropUITests;
				PRODUCT_NAME = "$(TARGET_NAME)";
				SWIFT_VERSION = 3.0;
				TEST_TARGET_NAME = Drop;
			};
			name = Release;
		};
/* End XCBuildConfiguration section */

/* Begin XCConfigurationList section */
		05FFA09C1EA488C000192B35 /* Build configuration list for PBXProject "Drop" */ = {
			isa = XCConfigurationList;
			buildConfigurations = (
				05FFA0C71EA488C100192B35 /* Debug */,
				05FFA0C81EA488C100192B35 /* Release */,
			);
			defaultConfigurationIsVisible = 0;
			defaultConfigurationName = Release;
		};
		05FFA0C91EA488C100192B35 /* Build configuration list for PBXNativeTarget "Drop" */ = {
			isa = XCConfigurationList;
			buildConfigurations = (
				05FFA0CA1EA488C100192B35 /* Debug */,
				05FFA0CB1EA488C100192B35 /* Release */,
			);
			defaultConfigurationIsVisible = 0;
			defaultConfigurationName = Release;
		};
		05FFA0CC1EA488C100192B35 /* Build configuration list for PBXNativeTarget "DropTests" */ = {
			isa = XCConfigurationList;
			buildConfigurations = (
				05FFA0CD1EA488C100192B35 /* Debug */,
				05FFA0CE1EA488C100192B35 /* Release */,
			);
			defaultConfigurationIsVisible = 0;
			defaultConfigurationName = Release;
		};
		05FFA0CF1EA488C100192B35 /* Build configuration list for PBXNativeTarget "DropUITests" */ = {
			isa = XCConfigurationList;
			buildConfigurations = (
				05FFA0D01EA488C100192B35 /* Debug */,
				05FFA0D11EA488C100192B35 /* Release */,
			);
			defaultConfigurationIsVisible = 0;
			defaultConfigurationName = Release;
		};
/* End XCConfigurationList section */
	};
	rootObject = 05FFA0991EA488C000192B35 /* Project object */;
}
